# This file is automatically @generated by Cargo.
# It is not intended for manual editing.
version = 4

[[package]]
name = "adler2"
version = "2.0.0"
source = "registry+https://github.com/rust-lang/crates.io-index"
checksum = "512761e0bb2578dd7380c6baaa0f4ce03e84f95e960231d1dec8bf4d7d6e2627"

[[package]]
name = "ahash"
version = "0.8.11"
source = "registry+https://github.com/rust-lang/crates.io-index"
checksum = "e89da841a80418a9b391ebaea17f5c112ffaaa96f621d2c285b5174da76b9011"
dependencies = [
 "cfg-if",
 "once_cell",
 "version_check",
 "zerocopy",
]

[[package]]
name = "allocator-api2"
version = "0.2.18"
source = "registry+https://github.com/rust-lang/crates.io-index"
checksum = "5c6cb57a04249c6480766f7f7cef5467412af1490f8d1e243141daddada3264f"

[[package]]
name = "anstream"
version = "0.6.14"
source = "registry+https://github.com/rust-lang/crates.io-index"
checksum = "418c75fa768af9c03be99d17643f93f79bbba589895012a80e3452a19ddda15b"
dependencies = [
 "anstyle",
 "anstyle-parse",
 "anstyle-query",
 "anstyle-wincon",
 "colorchoice",
 "is_terminal_polyfill",
 "utf8parse",
]

[[package]]
name = "anstyle"
version = "1.0.7"
source = "registry+https://github.com/rust-lang/crates.io-index"
checksum = "038dfcf04a5feb68e9c60b21c9625a54c2c0616e79b72b0fd87075a056ae1d1b"

[[package]]
name = "anstyle-parse"
version = "0.2.4"
source = "registry+https://github.com/rust-lang/crates.io-index"
checksum = "c03a11a9034d92058ceb6ee011ce58af4a9bf61491aa7e1e59ecd24bd40d22d4"
dependencies = [
 "utf8parse",
]

[[package]]
name = "anstyle-query"
version = "1.1.0"
source = "registry+https://github.com/rust-lang/crates.io-index"
checksum = "ad186efb764318d35165f1758e7dcef3b10628e26d41a44bc5550652e6804391"
dependencies = [
 "windows-sys 0.52.0",
]

[[package]]
name = "anstyle-wincon"
version = "3.0.3"
source = "registry+https://github.com/rust-lang/crates.io-index"
checksum = "61a38449feb7068f52bb06c12759005cf459ee52bb4adc1d5a7c4322d716fb19"
dependencies = [
 "anstyle",
 "windows-sys 0.52.0",
]

[[package]]
name = "approx"
version = "0.5.1"
source = "registry+https://github.com/rust-lang/crates.io-index"
checksum = "cab112f0a86d568ea0e627cc1d6be74a1e9cd55214684db5561995f6dad897c6"
dependencies = [
 "num-traits",
]

[[package]]
name = "ascii"
version = "1.1.0"
source = "registry+https://github.com/rust-lang/crates.io-index"
checksum = "d92bec98840b8f03a5ff5413de5293bfcd8bf96467cf5452609f939ec6f5de16"

[[package]]
name = "autocfg"
version = "1.3.0"
source = "registry+https://github.com/rust-lang/crates.io-index"
checksum = "0c4b4d0bd25bd0b74681c0ad21497610ce1b7c91b1022cd21c80c6fbdd9476b0"

[[package]]
name = "bincode"
version = "1.3.3"
source = "registry+https://github.com/rust-lang/crates.io-index"
checksum = "b1f45e9417d87227c7a56d22e471c6206462cba514c7590c09aff4cf6d1ddcad"
dependencies = [
 "serde",
]

[[package]]
name = "bitflags"
version = "2.6.0"
source = "registry+https://github.com/rust-lang/crates.io-index"
checksum = "b048fb63fd8b5923fc5aa7b340d8e156aec7ec02f0c78fa8a6ddc2613f6f71de"

[[package]]
name = "byteorder"
version = "1.5.0"
source = "registry+https://github.com/rust-lang/crates.io-index"
checksum = "1fd0f2584146f6f2ef48085050886acf353beff7305ebd1ae69500e27c67f64b"

[[package]]
name = "cfg-if"
version = "1.0.0"
source = "registry+https://github.com/rust-lang/crates.io-index"
checksum = "baf1de4339761588bc0619e3cbc0120ee582ebb74b53b4efbf79117bd2da40fd"

[[package]]
name = "chunked_transfer"
version = "1.5.0"
source = "registry+https://github.com/rust-lang/crates.io-index"
checksum = "6e4de3bc4ea267985becf712dc6d9eed8b04c953b3fcfb339ebc87acd9804901"

[[package]]
name = "clap"
version = "4.5.9"
source = "registry+https://github.com/rust-lang/crates.io-index"
checksum = "64acc1846d54c1fe936a78dc189c34e28d3f5afc348403f28ecf53660b9b8462"
dependencies = [
 "clap_builder",
 "clap_derive",
]

[[package]]
name = "clap_builder"
version = "4.5.9"
source = "registry+https://github.com/rust-lang/crates.io-index"
checksum = "6fb8393d67ba2e7bfaf28a23458e4e2b543cc73a99595511eb207fdb8aede942"
dependencies = [
 "anstream",
 "anstyle",
 "clap_lex",
 "strsim",
]

[[package]]
name = "clap_derive"
version = "4.5.8"
source = "registry+https://github.com/rust-lang/crates.io-index"
checksum = "2bac35c6dafb060fd4d275d9a4ffae97917c13a6327903a8be2153cd964f7085"
dependencies = [
 "heck",
 "proc-macro2",
 "quote",
 "syn",
]

[[package]]
name = "clap_lex"
version = "0.7.1"
source = "registry+https://github.com/rust-lang/crates.io-index"
checksum = "4b82cf0babdbd58558212896d1a4272303a57bdb245c2bf1147185fb45640e70"

[[package]]
name = "colorchoice"
version = "1.0.1"
source = "registry+https://github.com/rust-lang/crates.io-index"
checksum = "0b6a852b24ab71dffc585bcb46eaf7959d175cb865a7152e35b348d1b2960422"

[[package]]
name = "crc32fast"
version = "1.4.2"
source = "registry+https://github.com/rust-lang/crates.io-index"
checksum = "a97769d94ddab943e4510d138150169a2758b5ef3eb191a9ee688de3e23ef7b3"
dependencies = [
 "cfg-if",
]

[[package]]
name = "crossbeam-deque"
version = "0.8.5"
source = "registry+https://github.com/rust-lang/crates.io-index"
checksum = "613f8cc01fe9cf1a3eb3d7f488fd2fa8388403e97039e2f73692932e291a770d"
dependencies = [
 "crossbeam-epoch",
 "crossbeam-utils",
]

[[package]]
name = "crossbeam-epoch"
version = "0.9.18"
source = "registry+https://github.com/rust-lang/crates.io-index"
checksum = "5b82ac4a3c2ca9c3460964f020e1402edd5753411d7737aa39c3714ad1b5420e"
dependencies = [
 "crossbeam-utils",
]

[[package]]
name = "crossbeam-utils"
version = "0.8.20"
source = "registry+https://github.com/rust-lang/crates.io-index"
checksum = "22ec99545bb0ed0ea7bb9b8e1e9122ea386ff8a48c0922e43f36d45ab09e0e80"

[[package]]
name = "csv"
version = "1.3.1"
source = "registry+https://github.com/rust-lang/crates.io-index"
checksum = "acdc4883a9c96732e4733212c01447ebd805833b7275a73ca3ee080fd77afdaf"
dependencies = [
 "csv-core",
 "itoa",
 "ryu",
 "serde",
]

[[package]]
name = "csv-core"
version = "0.1.11"
source = "registry+https://github.com/rust-lang/crates.io-index"
checksum = "5efa2b3d7902f4b634a20cae3c9c4e6209dc4779feb6863329607560143efa70"
dependencies = [
 "memchr",
]

[[package]]
name = "deranged"
version = "0.3.11"
source = "registry+https://github.com/rust-lang/crates.io-index"
checksum = "b42b6fa04a440b495c8b04d0e71b707c585f83cb9cb28cf8cd0d976c315e31b4"
dependencies = [
 "powerfmt",
]

[[package]]
name = "doctest-file"
version = "1.0.0"
source = "registry+https://github.com/rust-lang/crates.io-index"
checksum = "aac81fa3e28d21450aa4d2ac065992ba96a1d7303efbce51a95f4fd175b67562"

[[package]]
name = "earcutr"
version = "0.4.3"
source = "registry+https://github.com/rust-lang/crates.io-index"
checksum = "79127ed59a85d7687c409e9978547cffb7dc79675355ed22da6b66fd5f6ead01"
dependencies = [
 "itertools",
 "num-traits",
]

[[package]]
name = "either"
version = "1.13.0"
source = "registry+https://github.com/rust-lang/crates.io-index"
checksum = "60b1af1c220855b6ceac025d3f6ecdd2b7c4894bfe9cd9bda4fbb4bc7c0d4cf0"

[[package]]
name = "errno"
version = "0.3.9"
source = "registry+https://github.com/rust-lang/crates.io-index"
checksum = "534c5cf6194dfab3db3242765c03bbe257cf92f22b38f6bc0c58d59108a820ba"
dependencies = [
 "libc",
 "windows-sys 0.52.0",
]

[[package]]
name = "fastrand"
version = "2.1.1"
source = "registry+https://github.com/rust-lang/crates.io-index"
checksum = "e8c02a5121d4ea3eb16a80748c74f5549a5665e4c21333c6098f283870fbdea6"

[[package]]
name = "flat_map"
version = "0.0.10"
source = "registry+https://github.com/rust-lang/crates.io-index"
checksum = "e4fa2a56a33c493fc81acbad4676c599cf2b128f21462a020043ea1eee46244f"
dependencies = [
 "serde",
 "serde_derive",
]

[[package]]
name = "flate2"
version = "1.0.33"
source = "registry+https://github.com/rust-lang/crates.io-index"
checksum = "324a1be68054ef05ad64b861cc9eaf1d623d2d8cb25b4bf2cb9cdd902b4bf253"
dependencies = [
 "crc32fast",
 "miniz_oxide",
]

[[package]]
name = "float_next_after"
version = "1.0.0"
source = "registry+https://github.com/rust-lang/crates.io-index"
checksum = "8bf7cc16383c4b8d58b9905a8509f02926ce3058053c056376248d958c9df1e8"

[[package]]
name = "fnv"
version = "1.0.7"
source = "registry+https://github.com/rust-lang/crates.io-index"
checksum = "3f9eec918d3f24069decb9af1554cad7c880e2da24a9afd88aca000531ab82c1"

[[package]]
name = "futures"
version = "0.1.31"
source = "registry+https://github.com/rust-lang/crates.io-index"
checksum = "3a471a38ef8ed83cd6e40aa59c1ffe17db6855c18e3604d9c4ed8c08ebc28678"

[[package]]
name = "futures-cpupool"
version = "0.1.8"
source = "registry+https://github.com/rust-lang/crates.io-index"
checksum = "ab90cde24b3319636588d0c35fe03b1333857621051837ed769faefb4c2162e4"
dependencies = [
 "futures",
 "num_cpus",
]

[[package]]
name = "geo"
version = "0.29.3"
source = "registry+https://github.com/rust-lang/crates.io-index"
checksum = "34f0e6e028c581e82e6822a68869514e94c25e7f8ea669a2d8595bdf7461ccc5"
dependencies = [
 "earcutr",
 "float_next_after",
 "geo-types",
 "geographiclib-rs",
 "i_overlay",
 "log",
 "num-traits",
 "robust",
 "rstar",
 "spade",
]

[[package]]
name = "geo-types"
version = "0.7.14"
source = "registry+https://github.com/rust-lang/crates.io-index"
checksum = "b6f47c611187777bbca61ea7aba780213f5f3441fd36294ab333e96cfa791b65"
dependencies = [
 "approx",
 "num-traits",
 "rayon",
 "rstar",
 "serde",
]

[[package]]
name = "geographiclib-rs"
version = "0.2.4"
source = "registry+https://github.com/rust-lang/crates.io-index"
checksum = "e6e5ed84f8089c70234b0a8e0aedb6dc733671612ddc0d37c6066052f9781960"
dependencies = [
 "libm",
]

[[package]]
name = "gpx"
version = "0.10.0"
source = "registry+https://github.com/rust-lang/crates.io-index"
checksum = "cfabaf0e8a17a6fb7977fac3bd5846488462edb9f8b246605835483a5501e698"
dependencies = [
 "geo-types",
 "thiserror 1.0.60",
 "time",
 "xml-rs",
]

[[package]]
name = "hash32"
version = "0.3.1"
source = "registry+https://github.com/rust-lang/crates.io-index"
checksum = "47d60b12902ba28e2730cd37e95b8c9223af2808df9e902d4df49588d1470606"
dependencies = [
 "byteorder",
]

[[package]]
name = "hashbrown"
version = "0.14.5"
source = "registry+https://github.com/rust-lang/crates.io-index"
checksum = "e5274423e17b7c9fc20b6e7e208532f9b19825d82dfd615708b70edd83df41f1"
dependencies = [
 "ahash",
 "allocator-api2",
]

[[package]]
name = "hdbscan"
version = "0.9.0"
source = "registry+https://github.com/rust-lang/crates.io-index"
checksum = "f780b68c332f0ddc933771cb6025e3433f16f9175f7eac64fc1b3753c916a4ca"
dependencies = [
 "kdtree",
 "num-traits",
]

[[package]]
name = "heapless"
version = "0.8.0"
source = "registry+https://github.com/rust-lang/crates.io-index"
checksum = "0bfb9eb618601c89945a70e254898da93b13be0388091d42117462b265bb3fad"
dependencies = [
 "hash32",
 "stable_deref_trait",
]

[[package]]
name = "heck"
version = "0.5.0"
source = "registry+https://github.com/rust-lang/crates.io-index"
checksum = "2304e00983f87ffb38b55b444b5e3b60a884b5d30c0fca7d82fe33449bbe55ea"

[[package]]
name = "hermit-abi"
version = "0.3.9"
source = "registry+https://github.com/rust-lang/crates.io-index"
checksum = "d231dfb89cfffdbc30e7fc41579ed6066ad03abda9e567ccafae602b97ec5024"

[[package]]
name = "httpdate"
version = "1.0.3"
source = "registry+https://github.com/rust-lang/crates.io-index"
checksum = "df3b46402a9d5adb4c86a0cf463f42e19994e3ee891101b1841f30a545cb49a9"

[[package]]
name = "i_float"
version = "1.6.0"
source = "registry+https://github.com/rust-lang/crates.io-index"
checksum = "775f9961a8d2f879725da8aff789bb20a3ddf297473e0c90af75e69313919490"
dependencies = [
 "serde",
]

[[package]]
name = "i_key_sort"
version = "0.2.0"
source = "registry+https://github.com/rust-lang/crates.io-index"
checksum = "347c253b4748a1a28baf94c9ce133b6b166f08573157e05afe718812bc599fcd"

[[package]]
name = "i_overlay"
version = "1.9.3"
source = "registry+https://github.com/rust-lang/crates.io-index"
checksum = "06740cd31c1f963823e007d8e6edcd2db634b2856f4f613e3df01737fd852482"
dependencies = [
 "i_float",
 "i_key_sort",
 "i_shape",
 "i_tree",
 "rayon",
]

[[package]]
name = "i_shape"
version = "1.6.0"
source = "registry+https://github.com/rust-lang/crates.io-index"
checksum = "27dbe9e5238d6b9c694c08415bf00fb370b089949bd818ab01f41f8927b8774c"
dependencies = [
 "i_float",
 "serde",
]

[[package]]
name = "i_tree"
version = "0.8.3"
source = "registry+https://github.com/rust-lang/crates.io-index"
checksum = "155181bc97d770181cf9477da51218a19ee92a8e5be642e796661aee2b601139"

[[package]]
name = "interprocess"
version = "2.2.1"
source = "registry+https://github.com/rust-lang/crates.io-index"
checksum = "d2f4e4a06d42fab3e85ab1b419ad32b09eab58b901d40c57935ff92db3287a13"
dependencies = [
 "doctest-file",
 "libc",
 "recvmsg",
 "widestring",
 "windows-sys 0.52.0",
]

[[package]]
name = "is_terminal_polyfill"
version = "1.70.0"
source = "registry+https://github.com/rust-lang/crates.io-index"
checksum = "f8478577c03552c21db0e2724ffb8986a5ce7af88107e6be5d2ee6e158c12800"

[[package]]
name = "itertools"
version = "0.11.0"
source = "registry+https://github.com/rust-lang/crates.io-index"
checksum = "b1c173a5686ce8bfa551b3563d0c2170bf24ca44da99c7ca4bfdab5418c3fe57"
dependencies = [
 "either",
]

[[package]]
name = "itoa"
version = "1.0.11"
source = "registry+https://github.com/rust-lang/crates.io-index"
checksum = "49f1f14873335454500d59611f1cf4a4b0f786f9ac11f4312a78e4cf2566695b"

[[package]]
name = "json-tools"
version = "1.1.3-alpha.0"
source = "git+https://github.com/tomsjansons/json-tools.git?branch=value-pairs#2b47444a5c412c20222cb0a4f006238e2f4f71cc"

[[package]]
name = "kdtree"
version = "0.7.0"
source = "registry+https://github.com/rust-lang/crates.io-index"
checksum = "0f0a0e9f770b65bac9aad00f97a67ab5c5319effed07f6da385da3c2115e47ba"
dependencies = [
 "num-traits",
 "thiserror 1.0.60",
]

[[package]]
name = "lazy_static"
version = "1.5.0"
source = "registry+https://github.com/rust-lang/crates.io-index"
checksum = "bbd2bcb4c963f2ddae06a2efc7e9f3591312473c50c6685e1f298068316e66fe"

[[package]]
name = "libc"
version = "0.2.155"
source = "registry+https://github.com/rust-lang/crates.io-index"
checksum = "97b3888a4aecf77e811145cadf6eef5901f4782c53886191b2f693f24761847c"

[[package]]
name = "libm"
version = "0.2.8"
source = "registry+https://github.com/rust-lang/crates.io-index"
checksum = "4ec2a862134d2a7d32d7983ddcdd1c4923530833c9f2ea1a44fc5fa473989058"

[[package]]
name = "linux-raw-sys"
version = "0.4.14"
source = "registry+https://github.com/rust-lang/crates.io-index"
checksum = "78b3ae25bc7c8c38cec158d1f2757ee79e9b3740fbc7ccf0e59e4b08d793fa89"

[[package]]
name = "log"
version = "0.4.22"
source = "registry+https://github.com/rust-lang/crates.io-index"
checksum = "a7a70ba024b9dc04c27ea2f0c0548feb474ec5c54bba33a7f72f873a39d07b24"

[[package]]
name = "memchr"
version = "2.7.4"
source = "registry+https://github.com/rust-lang/crates.io-index"
checksum = "78ca9ab1a0babb1e7d5695e3530886289c18cf2f87ec19a575a0abdce112e3a3"

[[package]]
name = "miniz_oxide"
version = "0.8.0"
source = "registry+https://github.com/rust-lang/crates.io-index"
checksum = "e2d80299ef12ff69b16a84bb182e3b9df68b5a91574d3d4fa6e41b65deec4df1"
dependencies = [
 "adler2",
]

[[package]]
name = "nu-ansi-term"
version = "0.46.0"
source = "registry+https://github.com/rust-lang/crates.io-index"
checksum = "77a8165726e8236064dbb45459242600304b42a5ea24ee2948e18e023bf7ba84"
dependencies = [
 "overload",
 "winapi",
]

[[package]]
name = "num-conv"
version = "0.1.0"
source = "registry+https://github.com/rust-lang/crates.io-index"
checksum = "51d515d32fb182ee37cda2ccdcb92950d6a3c2893aa280e540671c2cd0f3b1d9"

[[package]]
name = "num-traits"
version = "0.2.19"
source = "registry+https://github.com/rust-lang/crates.io-index"
checksum = "071dfc062690e90b734c0b2273ce72ad0ffa95f0c74596bc250dcfd960262841"
dependencies = [
 "autocfg",
 "libm",
]

[[package]]
name = "num_cpus"
version = "1.16.0"
source = "registry+https://github.com/rust-lang/crates.io-index"
checksum = "4161fcb6d602d4d2081af7c3a45852d875a03dd337a6bfdd6e06407b61342a43"
dependencies = [
 "hermit-abi",
 "libc",
]

[[package]]
name = "once_cell"
version = "1.19.0"
source = "registry+https://github.com/rust-lang/crates.io-index"
checksum = "3fdb12b2476b595f9358c5161aa467c2438859caa136dec86c26fdd2efe17b92"

[[package]]
name = "osmpbfreader"
version = "0.16.1"
source = "registry+https://github.com/rust-lang/crates.io-index"
checksum = "31a9a5652ee5d1ac97f64960117f9165d2d185034c5ccf22f6fadd3fcb78ccb2"
dependencies = [
 "byteorder",
 "flat_map",
 "flate2",
 "par-map",
 "protobuf",
 "protobuf-codegen-pure",
 "pub-iterator-type",
 "self_cell",
 "serde",
 "smartstring",
]

[[package]]
name = "overload"
version = "0.1.1"
source = "registry+https://github.com/rust-lang/crates.io-index"
checksum = "b15813163c1d831bf4a13c3610c05c0d03b39feb07f7e09fa234dac9b15aaf39"

[[package]]
name = "par-map"
version = "0.1.4"
source = "registry+https://github.com/rust-lang/crates.io-index"
checksum = "2f05b290991702bb8140cf70915b82b0ae1ec7fe478db97305af990048040095"
dependencies = [
 "futures",
 "futures-cpupool",
 "num_cpus",
 "pub-iterator-type",
]

[[package]]
name = "pin-project-lite"
version = "0.2.15"
source = "registry+https://github.com/rust-lang/crates.io-index"
checksum = "915a1e146535de9163f3987b8944ed8cf49a18bb0056bcebcdcece385cece4ff"

[[package]]
name = "powerfmt"
version = "0.2.0"
source = "registry+https://github.com/rust-lang/crates.io-index"
checksum = "439ee305def115ba05938db6eb1644ff94165c5ab5e9420d1c1bcedbba909391"

[[package]]
name = "proc-macro2"
version = "1.0.92"
source = "registry+https://github.com/rust-lang/crates.io-index"
checksum = "37d3544b3f2748c54e147655edb5025752e2303145b5aefb3c3ea2c78b973bb0"
dependencies = [
 "unicode-ident",
]

[[package]]
name = "protobuf"
version = "2.28.0"
source = "registry+https://github.com/rust-lang/crates.io-index"
checksum = "106dd99e98437432fed6519dedecfade6a06a73bb7b2a1e019fdd2bee5778d94"

[[package]]
name = "protobuf-codegen"
version = "2.28.0"
source = "registry+https://github.com/rust-lang/crates.io-index"
checksum = "033460afb75cf755fcfc16dfaed20b86468082a2ea24e05ac35ab4a099a017d6"
dependencies = [
 "protobuf",
]

[[package]]
name = "protobuf-codegen-pure"
version = "2.28.0"
source = "registry+https://github.com/rust-lang/crates.io-index"
checksum = "95a29399fc94bcd3eeaa951c715f7bea69409b2445356b00519740bcd6ddd865"
dependencies = [
 "protobuf",
 "protobuf-codegen",
]

[[package]]
name = "pub-iterator-type"
version = "0.1.1"
source = "registry+https://github.com/rust-lang/crates.io-index"
checksum = "858afdbecdce657c6e32031348cf7326da7700c869c368a136d31565972f7018"

[[package]]
name = "quick-error"
version = "1.2.3"
source = "registry+https://github.com/rust-lang/crates.io-index"
checksum = "a1d01941d82fa2ab50be1e79e6714289dd7cde78eba4c074bc5a4374f650dfe0"

[[package]]
name = "quote"
version = "1.0.36"
source = "registry+https://github.com/rust-lang/crates.io-index"
checksum = "0fa76aaf39101c457836aec0ce2316dbdc3ab723cdda1c6bd4e6ad4208acaca7"
dependencies = [
 "proc-macro2",
]

[[package]]
name = "rayon"
version = "1.10.0"
source = "registry+https://github.com/rust-lang/crates.io-index"
checksum = "b418a60154510ca1a002a752ca9714984e21e4241e804d32555251faf8b78ffa"
dependencies = [
 "either",
 "rayon-core",
]

[[package]]
name = "rayon-core"
version = "1.12.1"
source = "registry+https://github.com/rust-lang/crates.io-index"
checksum = "1465873a3dfdaa8ae7cb14b4383657caab0b3e8a0aa9ae8e04b044854c8dfce2"
dependencies = [
 "crossbeam-deque",
 "crossbeam-utils",
]

[[package]]
name = "recvmsg"
version = "1.0.0"
source = "registry+https://github.com/rust-lang/crates.io-index"
checksum = "d3edd4d5d42c92f0a659926464d4cce56b562761267ecf0f469d85b7de384175"

[[package]]
name = "ridi-router"
version = "0.4.1"
dependencies = [
 "bincode",
 "clap",
 "csv",
 "geo",
 "gpx",
 "hdbscan",
 "interprocess",
 "json-tools",
 "osmpbfreader",
 "rayon",
 "rusty-fork",
 "serde",
 "serde_derive",
 "serde_json",
 "smartstring",
 "thiserror 2.0.9",
 "tiny_http",
 "tracing",
 "tracing-subscriber",
]

[[package]]
name = "robust"
version = "1.1.0"
source = "registry+https://github.com/rust-lang/crates.io-index"
checksum = "cbf4a6aa5f6d6888f39e980649f3ad6b666acdce1d78e95b8a2cb076e687ae30"

[[package]]
name = "rstar"
version = "0.12.0"
source = "registry+https://github.com/rust-lang/crates.io-index"
checksum = "133315eb94c7b1e8d0cb097e5a710d850263372fd028fff18969de708afc7008"
dependencies = [
 "heapless",
 "num-traits",
 "smallvec",
]

[[package]]
name = "rustix"
version = "0.38.34"
source = "registry+https://github.com/rust-lang/crates.io-index"
checksum = "70dc5ec042f7a43c4a73241207cecc9873a06d45debb38b329f8541d85c2730f"
dependencies = [
 "bitflags",
 "errno",
 "libc",
 "linux-raw-sys",
 "windows-sys 0.52.0",
]

[[package]]
name = "rusty-fork"
version = "0.3.0"
source = "registry+https://github.com/rust-lang/crates.io-index"
checksum = "cb3dcc6e454c328bb824492db107ab7c0ae8fcffe4ad210136ef014458c1bc4f"
dependencies = [
 "fnv",
 "quick-error",
 "tempfile",
 "wait-timeout",
]

[[package]]
name = "ryu"
version = "1.0.18"
source = "registry+https://github.com/rust-lang/crates.io-index"
checksum = "f3cb5ba0dc43242ce17de99c180e96db90b235b8a9fdc9543c96d2209116bd9f"

[[package]]
name = "self_cell"
version = "1.0.4"
source = "registry+https://github.com/rust-lang/crates.io-index"
checksum = "d369a96f978623eb3dc28807c4852d6cc617fed53da5d3c400feff1ef34a714a"

[[package]]
name = "serde"
version = "1.0.201"
source = "registry+https://github.com/rust-lang/crates.io-index"
checksum = "780f1cebed1629e4753a1a38a3c72d30b97ec044f0aef68cb26650a3c5cf363c"
dependencies = [
 "serde_derive",
]

[[package]]
name = "serde_derive"
version = "1.0.201"
source = "registry+https://github.com/rust-lang/crates.io-index"
checksum = "c5e405930b9796f1c00bee880d03fc7e0bb4b9a11afc776885ffe84320da2865"
dependencies = [
 "proc-macro2",
 "quote",
 "syn",
]

[[package]]
name = "serde_json"
version = "1.0.117"
source = "registry+https://github.com/rust-lang/crates.io-index"
checksum = "455182ea6142b14f93f4bc5320a2b31c1f266b66a4a5c858b013302a5d8cbfc3"
dependencies = [
 "itoa",
 "ryu",
 "serde",
]

[[package]]
name = "sharded-slab"
version = "0.1.7"
source = "registry+https://github.com/rust-lang/crates.io-index"
checksum = "f40ca3c46823713e0d4209592e8d6e826aa57e928f09752619fc696c499637f6"
dependencies = [
 "lazy_static",
]

[[package]]
name = "smallvec"
version = "1.13.2"
source = "registry+https://github.com/rust-lang/crates.io-index"
checksum = "3c5e1a9a646d36c3599cd173a41282daf47c44583ad367b8e6837255952e5c67"

[[package]]
name = "smartstring"
version = "1.0.1"
source = "registry+https://github.com/rust-lang/crates.io-index"
checksum = "3fb72c633efbaa2dd666986505016c32c3044395ceaf881518399d2f4127ee29"
dependencies = [
 "autocfg",
 "serde",
 "static_assertions",
 "version_check",
]

[[package]]
name = "spade"
version = "2.12.1"
source = "registry+https://github.com/rust-lang/crates.io-index"
checksum = "93f5ef1f863aca7d1d7dda7ccfc36a0a4279bd6d3c375176e5e0712e25cb4889"
dependencies = [
 "hashbrown",
 "num-traits",
 "robust",
 "smallvec",
]

[[package]]
name = "stable_deref_trait"
version = "1.2.0"
source = "registry+https://github.com/rust-lang/crates.io-index"
checksum = "a8f112729512f8e442d81f95a8a7ddf2b7c6b8a1a6f509a95864142b30cab2d3"

[[package]]
name = "static_assertions"
version = "1.1.0"
source = "registry+https://github.com/rust-lang/crates.io-index"
checksum = "a2eb9349b6444b326872e140eb1cf5e7c522154d69e7a0ffb0fb81c06b37543f"

[[package]]
name = "strsim"
version = "0.11.1"
source = "registry+https://github.com/rust-lang/crates.io-index"
checksum = "7da8b5736845d9f2fcb837ea5d9e2628564b3b043a70948a3f0b778838c5fb4f"

[[package]]
name = "syn"
version = "2.0.91"
source = "registry+https://github.com/rust-lang/crates.io-index"
checksum = "d53cbcb5a243bd33b7858b1d7f4aca2153490815872d86d955d6ea29f743c035"
dependencies = [
 "proc-macro2",
 "quote",
 "unicode-ident",
]

[[package]]
name = "tempfile"
version = "3.12.0"
source = "registry+https://github.com/rust-lang/crates.io-index"
checksum = "04cbcdd0c794ebb0d4cf35e88edd2f7d2c4c3e9a5a6dab322839b321c6a87a64"
dependencies = [
 "cfg-if",
 "fastrand",
 "once_cell",
 "rustix",
 "windows-sys 0.59.0",
]

[[package]]
name = "thiserror"
version = "1.0.60"
source = "registry+https://github.com/rust-lang/crates.io-index"
checksum = "579e9083ca58dd9dcf91a9923bb9054071b9ebbd800b342194c9feb0ee89fc18"
dependencies = [
 "thiserror-impl 1.0.60",
]

[[package]]
name = "thiserror"
version = "2.0.9"
source = "registry+https://github.com/rust-lang/crates.io-index"
checksum = "f072643fd0190df67a8bab670c20ef5d8737177d6ac6b2e9a236cb096206b2cc"
dependencies = [
 "thiserror-impl 2.0.9",
]

[[package]]
name = "thiserror-impl"
version = "1.0.60"
source = "registry+https://github.com/rust-lang/crates.io-index"
checksum = "e2470041c06ec3ac1ab38d0356a6119054dedaea53e12fbefc0de730a1c08524"
dependencies = [
 "proc-macro2",
 "quote",
 "syn",
]

[[package]]
name = "thiserror-impl"
version = "2.0.9"
source = "registry+https://github.com/rust-lang/crates.io-index"
checksum = "7b50fa271071aae2e6ee85f842e2e28ba8cd2c5fb67f11fcb1fd70b276f9e7d4"
dependencies = [
 "proc-macro2",
 "quote",
 "syn",
]

[[package]]
name = "thread_local"
version = "1.1.8"
source = "registry+https://github.com/rust-lang/crates.io-index"
checksum = "8b9ef9bad013ada3808854ceac7b46812a6465ba368859a37e2100283d2d719c"
dependencies = [
 "cfg-if",
 "once_cell",
]

[[package]]
name = "time"
version = "0.3.36"
source = "registry+https://github.com/rust-lang/crates.io-index"
checksum = "5dfd88e563464686c916c7e46e623e520ddc6d79fa6641390f2e3fa86e83e885"
dependencies = [
 "deranged",
 "itoa",
 "num-conv",
 "powerfmt",
 "serde",
 "time-core",
 "time-macros",
]

[[package]]
name = "time-core"
version = "0.1.2"
source = "registry+https://github.com/rust-lang/crates.io-index"
checksum = "ef927ca75afb808a4d64dd374f00a2adf8d0fcff8e7b184af886c3c87ec4a3f3"

[[package]]
name = "time-macros"
version = "0.2.18"
source = "registry+https://github.com/rust-lang/crates.io-index"
checksum = "3f252a68540fde3a3877aeea552b832b40ab9a69e318efd078774a01ddee1ccf"
dependencies = [
 "num-conv",
 "time-core",
]

[[package]]
name = "tiny_http"
version = "0.12.0"
source = "registry+https://github.com/rust-lang/crates.io-index"
checksum = "389915df6413a2e74fb181895f933386023c71110878cd0825588928e64cdc82"
dependencies = [
 "ascii",
 "chunked_transfer",
 "httpdate",
 "log",
]

[[package]]
name = "tracing"
version = "0.1.40"
source = "registry+https://github.com/rust-lang/crates.io-index"
checksum = "c3523ab5a71916ccf420eebdf5521fcef02141234bbc0b8a49f2fdc4544364ef"
dependencies = [
 "pin-project-lite",
 "tracing-attributes",
 "tracing-core",
]

[[package]]
name = "tracing-attributes"
version = "0.1.27"
source = "registry+https://github.com/rust-lang/crates.io-index"
checksum = "34704c8d6ebcbc939824180af020566b01a7c01f80641264eba0999f6c2b6be7"
dependencies = [
 "proc-macro2",
 "quote",
 "syn",
]

[[package]]
name = "tracing-core"
version = "0.1.32"
source = "registry+https://github.com/rust-lang/crates.io-index"
checksum = "c06d3da6113f116aaee68e4d601191614c9053067f9ab7f6edbcb161237daa54"
dependencies = [
 "once_cell",
 "valuable",
]

[[package]]
name = "tracing-log"
version = "0.2.0"
source = "registry+https://github.com/rust-lang/crates.io-index"
checksum = "ee855f1f400bd0e5c02d150ae5de3840039a3f54b025156404e34c23c03f47c3"
dependencies = [
 "log",
 "once_cell",
 "tracing-core",
]

[[package]]
name = "tracing-serde"
version = "0.1.3"
source = "registry+https://github.com/rust-lang/crates.io-index"
checksum = "bc6b213177105856957181934e4920de57730fc69bf42c37ee5bb664d406d9e1"
dependencies = [
 "serde",
 "tracing-core",
]

[[package]]
name = "tracing-subscriber"
version = "0.3.18"
source = "registry+https://github.com/rust-lang/crates.io-index"
checksum = "ad0f048c97dbd9faa9b7df56362b8ebcaa52adb06b498c050d2f4e32f90a7a8b"
dependencies = [
 "nu-ansi-term",
 "serde",
 "serde_json",
 "sharded-slab",
 "smallvec",
 "thread_local",
 "tracing-core",
 "tracing-log",
 "tracing-serde",
]

[[package]]
name = "unicode-ident"
version = "1.0.12"
source = "registry+https://github.com/rust-lang/crates.io-index"
checksum = "3354b9ac3fae1ff6755cb6db53683adb661634f67557942dea4facebec0fee4b"

[[package]]
name = "utf8parse"
version = "0.2.2"
source = "registry+https://github.com/rust-lang/crates.io-index"
checksum = "06abde3611657adf66d383f00b093d7faecc7fa57071cce2578660c9f1010821"

[[package]]
name = "valuable"
version = "0.1.0"
source = "registry+https://github.com/rust-lang/crates.io-index"
checksum = "830b7e5d4d90034032940e4ace0d9a9a057e7a45cd94e6c007832e39edb82f6d"

[[package]]
name = "version_check"
version = "0.9.4"
source = "registry+https://github.com/rust-lang/crates.io-index"
checksum = "49874b5167b65d7193b8aba1567f5c7d93d001cafc34600cee003eda787e483f"

[[package]]
name = "wait-timeout"
version = "0.2.0"
source = "registry+https://github.com/rust-lang/crates.io-index"
checksum = "9f200f5b12eb75f8c1ed65abd4b2db8a6e1b138a20de009dacee265a2498f3f6"
dependencies = [
 "libc",
]

[[package]]
name = "widestring"
version = "1.1.0"
source = "registry+https://github.com/rust-lang/crates.io-index"
checksum = "7219d36b6eac893fa81e84ebe06485e7dcbb616177469b142df14f1f4deb1311"

[[package]]
name = "winapi"
version = "0.3.9"
source = "registry+https://github.com/rust-lang/crates.io-index"
checksum = "5c839a674fcd7a98952e593242ea400abe93992746761e38641405d28b00f419"
dependencies = [
 "winapi-i686-pc-windows-gnu",
 "winapi-x86_64-pc-windows-gnu",
]

[[package]]
name = "winapi-i686-pc-windows-gnu"
version = "0.4.0"
source = "registry+https://github.com/rust-lang/crates.io-index"
checksum = "ac3b87c63620426dd9b991e5ce0329eff545bccbbb34f3be09ff6fb6ab51b7b6"

[[package]]
name = "winapi-x86_64-pc-windows-gnu"
version = "0.4.0"
source = "registry+https://github.com/rust-lang/crates.io-index"
checksum = "712e227841d057c1ee1cd2fb22fa7e5a5461ae8e48fa2ca79ec42cfc1931183f"

[[package]]
name = "windows-sys"
version = "0.52.0"
source = "registry+https://github.com/rust-lang/crates.io-index"
checksum = "282be5f36a8ce781fad8c8ae18fa3f9beff57ec1b52cb3de0789201425d9a33d"
dependencies = [
 "windows-targets",
]

[[package]]
name = "windows-sys"
version = "0.59.0"
source = "registry+https://github.com/rust-lang/crates.io-index"
checksum = "1e38bc4d79ed67fd075bcc251a1c39b32a1776bbe92e5bef1f0bf1f8c531853b"
dependencies = [
 "windows-targets",
]

[[package]]
name = "windows-targets"
version = "0.52.6"
source = "registry+https://github.com/rust-lang/crates.io-index"
checksum = "9b724f72796e036ab90c1021d4780d4d3d648aca59e491e6b98e725b84e99973"
dependencies = [
 "windows_aarch64_gnullvm",
 "windows_aarch64_msvc",
 "windows_i686_gnu",
 "windows_i686_gnullvm",
 "windows_i686_msvc",
 "windows_x86_64_gnu",
 "windows_x86_64_gnullvm",
 "windows_x86_64_msvc",
]

[[package]]
name = "windows_aarch64_gnullvm"
version = "0.52.6"
source = "registry+https://github.com/rust-lang/crates.io-index"
checksum = "32a4622180e7a0ec044bb555404c800bc9fd9ec262ec147edd5989ccd0c02cd3"

[[package]]
name = "windows_aarch64_msvc"
version = "0.52.6"
source = "registry+https://github.com/rust-lang/crates.io-index"
checksum = "09ec2a7bb152e2252b53fa7803150007879548bc709c039df7627cabbd05d469"

[[package]]
name = "windows_i686_gnu"
version = "0.52.6"
source = "registry+https://github.com/rust-lang/crates.io-index"
checksum = "8e9b5ad5ab802e97eb8e295ac6720e509ee4c243f69d781394014ebfe8bbfa0b"

[[package]]
name = "windows_i686_gnullvm"
version = "0.52.6"
source = "registry+https://github.com/rust-lang/crates.io-index"
checksum = "0eee52d38c090b3caa76c563b86c3a4bd71ef1a819287c19d586d7334ae8ed66"

[[package]]
name = "windows_i686_msvc"
version = "0.52.6"
source = "registry+https://github.com/rust-lang/crates.io-index"
checksum = "240948bc05c5e7c6dabba28bf89d89ffce3e303022809e73deaefe4f6ec56c66"

[[package]]
name = "windows_x86_64_gnu"
version = "0.52.6"
source = "registry+https://github.com/rust-lang/crates.io-index"
checksum = "147a5c80aabfbf0c7d901cb5895d1de30ef2907eb21fbbab29ca94c5b08b1a78"

[[package]]
name = "windows_x86_64_gnullvm"
version = "0.52.6"
source = "registry+https://github.com/rust-lang/crates.io-index"
checksum = "24d5b23dc417412679681396f2b49f3de8c1473deb516bd34410872eff51ed0d"

[[package]]
name = "windows_x86_64_msvc"
version = "0.52.6"
source = "registry+https://github.com/rust-lang/crates.io-index"
checksum = "589f6da84c646204747d1270a2a5661ea66ed1cced2631d546fdfb155959f9ec"

[[package]]
name = "xml-rs"
version = "0.8.20"
source = "registry+https://github.com/rust-lang/crates.io-index"
checksum = "791978798f0597cfc70478424c2b4fdc2b7a8024aaff78497ef00f24ef674193"

[[package]]
name = "zerocopy"
version = "0.7.35"
source = "registry+https://github.com/rust-lang/crates.io-index"
checksum = "1b9b4fd18abc82b8136838da5d50bae7bdea537c574d8dc1a34ed098d6c166f0"
dependencies = [
 "zerocopy-derive",
]

[[package]]
name = "zerocopy-derive"
version = "0.7.35"
source = "registry+https://github.com/rust-lang/crates.io-index"
checksum = "fa4f8080344d4671fb4e831a13ad1e68092748387dfc4f55e356242fae12ce3e"
dependencies = [
 "proc-macro2",
 "quote",
 "syn",
]
